
Microsoft Visual Studio Solution File, Format Version 12.00
# Visual Studio 15
VisualStudioVersion = 15.0.28307.168
MinimumVisualStudioVersion = 10.0.40219.1
Project("{9A19103F-16F7-4668-BE54-9A1E7A4F7556}") = "Store", "Store\Store.csproj", "{200F2D2B-45CE-4A05-9805-0580C1A32001}"
EndProject
Project("{2150E333-8FDC-42A3-9474-1A3956D46DE8}") = "Solution Items", "Solution Items", "{9B5F79B9-A741-4A4F-B300-B213EB2C9FD3}"
	ProjectSection(SolutionItems) = preProject
		Req.txt = Req.txt
	EndProjectSection
EndProject
Global
	GlobalSection(SolutionConfigurationPlatforms) = preSolution
		Debug|Any CPU = Debug|Any CPU
		Release|Any CPU = Release|Any CPU
	EndGlobalSection
	GlobalSection(ProjectConfigurationPlatforms) = postSolution
		{200F2D2B-45CE-4A05-9805-0580C1A32001}.Debug|Any CPU.ActiveCfg = Debug|Any CPU
		{200F2D2B-45CE-4A05-9805-0580C1A32001}.Debug|Any CPU.Build.0 = Debug|Any CPU
		{200F2D2B-45CE-4A05-9805-0580C1A32001}.Release|Any CPU.ActiveCfg = Release|Any CPU
		{200F2D2B-45CE-4A05-9805-0580C1A32001}.Release|Any CPU.Build.0 = Release|Any CPU
	EndGlobalSection
	GlobalSection(SolutionProperties) = preSolution
		HideSolutionNode = FALSE
	EndGlobalSection
	GlobalSection(ExtensibilityGlobals) = postSolution
		SolutionGuid = {4AC42BBE-7AC1-4A77-89D2-F37E3389613E}
	EndGlobalSection
EndGlobal
